
Microsoft Visual Studio Solution File, Format Version 12.00
# Visual Studio Version 17
VisualStudioVersion = 17.3.32901.215
MinimumVisualStudioVersion = 10.0.40219.1
Project("{8BC9CEB8-8B4A-11D0-8D11-00A0C91BC942}") = "Prob_1", "Prob_1\Prob_1.vcxproj", "{EAE4A132-B4B4-41FB-BAEE-1EDF3B477845}"
EndProject
Global
	GlobalSection(SolutionConfigurationPlatforms) = preSolution
		Debug|x64 = Debug|x64
		Debug|x86 = Debug|x86
		Release|x64 = Release|x64
		Release|x86 = Release|x86
	EndGlobalSection
	GlobalSection(ProjectConfigurationPlatforms) = postSolution
		{EAE4A132-B4B4-41FB-BAEE-1EDF3B477845}.Debug|x64.ActiveCfg = Debug|x64
		{EAE4A132-B4B4-41FB-BAEE-1EDF3B477845}.Debug|x64.Build.0 = Debug|x64
		{EAE4A132-B4B4-41FB-BAEE-1EDF3B477845}.Debug|x86.ActiveCfg = Debug|Win32
		{EAE4A132-B4B4-41FB-BAEE-1EDF3B477845}.Debug|x86.Build.0 = Debug|Win32
		{EAE4A132-B4B4-41FB-BAEE-1EDF3B477845}.Release|x64.ActiveCfg = Release|x64
		{EAE4A132-B4B4-41FB-BAEE-1EDF3B477845}.Release|x64.Build.0 = Release|x64
		{EAE4A132-B4B4-41FB-BAEE-1EDF3B477845}.Release|x86.ActiveCfg = Release|Win32
		{EAE4A132-B4B4-41FB-BAEE-1EDF3B477845}.Release|x86.Build.0 = Release|Win32
	EndGlobalSection
	GlobalSection(SolutionProperties) = preSolution
		HideSolutionNode = FALSE
	EndGlobalSection
	GlobalSection(ExtensibilityGlobals) = postSolution
		SolutionGuid = {6DC2809B-D024-472A-B912-995D66C52D14}
	EndGlobalSection
EndGlobal
